
Microsoft Visual Studio Solution File, Format Version 12.00
# Visual Studio Version 17
VisualStudioVersion = 17.9.34728.123
MinimumVisualStudioVersion = 10.0.40219.1
Project("{FAE04EC0-301F-11D3-BF4B-00C04F79EFBC}") = "StringSearchApp", "ConsoleApp1\StringSearchApp.csproj", "{AA447FF6-B265-4572-9ACF-B97F2A9FDB5D}"
EndProject
Project("{FAE04EC0-301F-11D3-BF4B-00C04F79EFBC}") = "StringModifyApp", "StringModifyApp\StringModifyApp.csproj", "{ED02D68D-AB17-44DA-B0FA-BACD8AB99EB4}"
EndProject
Project("{FAE04EC0-301F-11D3-BF4B-00C04F79EFBC}") = "StringSliceApp", "StringSliceApp\StringSliceApp.csproj", "{56062194-F852-4D34-808A-323BA2E015C0}"
EndProject
Global
	GlobalSection(SolutionConfigurationPlatforms) = preSolution
		Debug|Any CPU = Debug|Any CPU
		Release|Any CPU = Release|Any CPU
	EndGlobalSection
	GlobalSection(ProjectConfigurationPlatforms) = postSolution
		{AA447FF6-B265-4572-9ACF-B97F2A9FDB5D}.Debug|Any CPU.ActiveCfg = Debug|Any CPU
		{AA447FF6-B265-4572-9ACF-B97F2A9FDB5D}.Debug|Any CPU.Build.0 = Debug|Any CPU
		{AA447FF6-B265-4572-9ACF-B97F2A9FDB5D}.Release|Any CPU.ActiveCfg = Release|Any CPU
		{AA447FF6-B265-4572-9ACF-B97F2A9FDB5D}.Release|Any CPU.Build.0 = Release|Any CPU
		{ED02D68D-AB17-44DA-B0FA-BACD8AB99EB4}.Debug|Any CPU.ActiveCfg = Debug|Any CPU
		{ED02D68D-AB17-44DA-B0FA-BACD8AB99EB4}.Debug|Any CPU.Build.0 = Debug|Any CPU
		{ED02D68D-AB17-44DA-B0FA-BACD8AB99EB4}.Release|Any CPU.ActiveCfg = Release|Any CPU
		{ED02D68D-AB17-44DA-B0FA-BACD8AB99EB4}.Release|Any CPU.Build.0 = Release|Any CPU
		{56062194-F852-4D34-808A-323BA2E015C0}.Debug|Any CPU.ActiveCfg = Debug|Any CPU
		{56062194-F852-4D34-808A-323BA2E015C0}.Debug|Any CPU.Build.0 = Debug|Any CPU
		{56062194-F852-4D34-808A-323BA2E015C0}.Release|Any CPU.ActiveCfg = Release|Any CPU
		{56062194-F852-4D34-808A-323BA2E015C0}.Release|Any CPU.Build.0 = Release|Any CPU
	EndGlobalSection
	GlobalSection(SolutionProperties) = preSolution
		HideSolutionNode = FALSE
	EndGlobalSection
	GlobalSection(ExtensibilityGlobals) = postSolution
		SolutionGuid = {620B0F01-33C8-4E72-935C-BB97302126F1}
	EndGlobalSection
EndGlobal
